{
  "nodes": {
    "nixpkgs": {
      "locked": {
        "lastModified": 1718149104,
        "narHash": "sha256-Ds1QpobBX2yoUDx9ZruqVGJ/uQPgcXoYuobBguyKEh8=",
        "owner": "nixos",
        "repo": "nixpkgs",
        "rev": "e913ae340076bbb73d9f4d3d065c2bca7caafb16",
        "type": "github"
      },
      "original": {
        "owner": "nixos",
        "ref": "nixpkgs-unstable",
        "repo": "nixpkgs",
        "type": "github"
      }
    },
    "plugins-hlargs": {
      "flake": false,
      "locked": {
        "lastModified": 1716054457,
        "narHash": "sha256-V3XG1SCBz+EvObW7JSNIUxGZLv6zoRXyap7nRETmUA8=",
        "owner": "m-demare",
        "repo": "hlargs.nvim",
        "rev": "30fe1b3de2b7614f061be4fc9c71984a2b87e50a",
        "type": "github"
      },
      "original": {
        "owner": "m-demare",
        "repo": "hlargs.nvim",
        "type": "github"
      }
    },
    "plugins-nvim-nio": {
      "flake": false,
      "locked": {
        "lastModified": 1717951894,
        "narHash": "sha256-gAbqGPNBYkj+x+wR6WN2x7kqKaxlBzVXPmRXm8sM40Y=",
        "owner": "nvim-neotest",
        "repo": "nvim-nio",
        "rev": "7969e0a8ffabdf210edd7978ec954a47a737bbcc",
        "type": "github"
      },
      "original": {
        "owner": "nvim-neotest",
        "repo": "nvim-nio",
        "type": "github"
      }
    },
    "root": {
      "inputs": {
        "nixpkgs": "nixpkgs",
        "plugins-hlargs": "plugins-hlargs",
        "plugins-nvim-nio": "plugins-nvim-nio"
      }
    }
  },
  "root": "root",
  "version": 7
}
