{
  "nodes": {
    "nixpkgs": {
      "locked": {
        "lastModified": 1723151389,
        "narHash": "sha256-9AVY0ReCmSGXHrlx78+1RrqcDgVSRhHUKDVV1LLBy28=",
        "owner": "nixos",
        "repo": "nixpkgs",
        "rev": "13fe00cb6c75461901f072ae62b5805baef9f8b2",
        "type": "github"
      },
      "original": {
        "owner": "nixos",
        "ref": "nixpkgs-unstable",
        "repo": "nixpkgs",
        "type": "github"
      }
    },
    "root": {
      "inputs": {
        "nixpkgs": "nixpkgs"
      }
    }
  },
  "root": "root",
  "version": 7
}
