{
  "nodes": {
    "nixpkgs": {
      "locked": {
        "lastModified": 1718470082,
        "narHash": "sha256-u2F0MMYE+Efc+ocruTbtU/wWHuYHWcJafp5zJ++n/YE=",
        "owner": "nixos",
        "repo": "nixpkgs",
        "rev": "3027ba73dfef68eb555fc2fa97aed4e999e74f97",
        "type": "github"
      },
      "original": {
        "owner": "nixos",
        "ref": "nixpkgs-unstable",
        "repo": "nixpkgs",
        "type": "github"
      }
    },
    "plugins-hlargs": {
      "flake": false,
      "locked": {
        "lastModified": 1716054457,
        "narHash": "sha256-V3XG1SCBz+EvObW7JSNIUxGZLv6zoRXyap7nRETmUA8=",
        "owner": "m-demare",
        "repo": "hlargs.nvim",
        "rev": "30fe1b3de2b7614f061be4fc9c71984a2b87e50a",
        "type": "github"
      },
      "original": {
        "owner": "m-demare",
        "repo": "hlargs.nvim",
        "type": "github"
      }
    },
    "root": {
      "inputs": {
        "nixpkgs": "nixpkgs",
        "plugins-hlargs": "plugins-hlargs"
      }
    }
  },
  "root": "root",
  "version": 7
}
