{
  "nodes": {
    "flake-compat": {
      "flake": false,
      "locked": {
        "lastModified": 1733328505,
        "narHash": "sha256-NeCCThCEP3eCl2l/+27kNNK7QrwZB1IJCrXfrbv5oqU=",
        "owner": "edolstra",
        "repo": "flake-compat",
        "rev": "ff81ac966bb2cae68946d5ed5fc4994f96d0ffec",
        "type": "github"
      },
      "original": {
        "owner": "edolstra",
        "repo": "flake-compat",
        "type": "github"
      }
    },
    "flake-parts": {
      "inputs": {
        "nixpkgs-lib": [
          "neovim-nightly-overlay",
          "nixpkgs"
        ]
      },
      "locked": {
        "lastModified": 1765495779,
        "narHash": "sha256-MhA7wmo/7uogLxiewwRRmIax70g6q1U/YemqTGoFHlM=",
        "owner": "hercules-ci",
        "repo": "flake-parts",
        "rev": "5635c32d666a59ec9a55cab87e898889869f7b71",
        "type": "github"
      },
      "original": {
        "owner": "hercules-ci",
        "repo": "flake-parts",
        "type": "github"
      }
    },
    "flake-utils": {
      "inputs": {
        "systems": "systems"
      },
      "locked": {
        "lastModified": 1731533236,
        "narHash": "sha256-l0KFg5HjrsfsO/JpG+r7fRrqm12kzFHyUHqHCVpMMbI=",
        "owner": "numtide",
        "repo": "flake-utils",
        "rev": "11707dc2f618dd54ca8739b309ec4fc024de578b",
        "type": "github"
      },
      "original": {
        "owner": "numtide",
        "repo": "flake-utils",
        "type": "github"
      }
    },
    "home-manager": {
      "inputs": {
        "nixpkgs": [
          "nixpkgs"
        ]
      },
      "locked": {
        "lastModified": 1765682243,
        "narHash": "sha256-yeCxFV/905Wr91yKt5zrVvK6O2CVXWRMSrxqlAZnLp0=",
        "owner": "nix-community",
        "repo": "home-manager",
        "rev": "58bf3ecb2d0bba7bdf363fc8a6c4d49b4d509d03",
        "type": "github"
      },
      "original": {
        "owner": "nix-community",
        "repo": "home-manager",
        "type": "github"
      }
    },
    "neovim-nightly-overlay": {
      "inputs": {
        "flake-parts": "flake-parts",
        "neovim-src": "neovim-src",
        "nixpkgs": "nixpkgs"
      },
      "locked": {
        "lastModified": 1765757048,
        "narHash": "sha256-Epzt11vJAU1mQqADX3ldstxrVjpmlula4+9y7EhtJxk=",
        "owner": "nix-community",
        "repo": "neovim-nightly-overlay",
        "rev": "fddb9312cf4818b8e39533b931cb4a7039e1471b",
        "type": "github"
      },
      "original": {
        "owner": "nix-community",
        "repo": "neovim-nightly-overlay",
        "type": "github"
      }
    },
    "neovim-src": {
      "flake": false,
      "locked": {
        "lastModified": 1765753837,
        "narHash": "sha256-7RvnNJCRzggqoBxRC1jxG6iXS0Sc5gGi2omRHbxC7Oo=",
        "owner": "neovim",
        "repo": "neovim",
        "rev": "115785732ad78e38eb66246f9841e95e88665fe8",
        "type": "github"
      },
      "original": {
        "owner": "neovim",
        "repo": "neovim",
        "type": "github"
      }
    },
    "nix-appimage": {
      "inputs": {
        "flake-compat": "flake-compat",
        "flake-utils": "flake-utils",
        "nixpkgs": "nixpkgs_2"
      },
      "locked": {
        "lastModified": 1757920913,
        "narHash": "sha256-jd0QwCVz4O1sHHkeaZILD/7D6oyalceEJ4EFnWCgm0k=",
        "owner": "ralismark",
        "repo": "nix-appimage",
        "rev": "7946addbc0d97e358a6d7aefe5e82310f0fe6b18",
        "type": "github"
      },
      "original": {
        "owner": "ralismark",
        "repo": "nix-appimage",
        "type": "github"
      }
    },
    "nixpkgs": {
      "locked": {
        "lastModified": 1765644376,
        "narHash": "sha256-yqHBL2wYGwjGL2GUF2w3tofWl8qO9tZEuI4wSqbCrtE=",
        "owner": "NixOS",
        "repo": "nixpkgs",
        "rev": "23735a82a828372c4ef92c660864e82fbe2f5fbe",
        "type": "github"
      },
      "original": {
        "owner": "NixOS",
        "ref": "nixpkgs-unstable",
        "repo": "nixpkgs",
        "type": "github"
      }
    },
    "nixpkgs_2": {
      "locked": {
        "lastModified": 1745997950,
        "narHash": "sha256-FklMkU+bPPx0L3i6pdrw65js05VO9He3DTeKguX9GQY=",
        "owner": "nixos",
        "repo": "nixpkgs",
        "rev": "cf3ffa5d140899101f1deb3f4d16b1a1aa2de849",
        "type": "github"
      },
      "original": {
        "owner": "nixos",
        "ref": "nixos-unstable",
        "repo": "nixpkgs",
        "type": "github"
      }
    },
    "nixpkgs_3": {
      "locked": {
        "lastModified": 1765644376,
        "narHash": "sha256-yqHBL2wYGwjGL2GUF2w3tofWl8qO9tZEuI4wSqbCrtE=",
        "owner": "nixos",
        "repo": "nixpkgs",
        "rev": "23735a82a828372c4ef92c660864e82fbe2f5fbe",
        "type": "github"
      },
      "original": {
        "owner": "nixos",
        "ref": "nixpkgs-unstable",
        "repo": "nixpkgs",
        "type": "github"
      }
    },
    "plugins-hlargs": {
      "flake": false,
      "locked": {
        "lastModified": 1758619418,
        "narHash": "sha256-WjmVefR0qk2ANWgyHSuYMTuCfzlVTF7tqzAL+uatKkc=",
        "owner": "m-demare",
        "repo": "hlargs.nvim",
        "rev": "0b29317c944fb1f76503ce4540d6dceffbb5ccd2",
        "type": "github"
      },
      "original": {
        "owner": "m-demare",
        "repo": "hlargs.nvim",
        "type": "github"
      }
    },
    "root": {
      "inputs": {
        "home-manager": "home-manager",
        "neovim-nightly-overlay": "neovim-nightly-overlay",
        "nix-appimage": "nix-appimage",
        "nixpkgs": "nixpkgs_3",
        "plugins-hlargs": "plugins-hlargs",
        "visual-whitespace": "visual-whitespace"
      }
    },
    "systems": {
      "locked": {
        "lastModified": 1681028828,
        "narHash": "sha256-Vy1rq5AaRuLzOxct8nz4T6wlgyUR7zLU309k9mBC768=",
        "owner": "nix-systems",
        "repo": "default",
        "rev": "da67096a3b9bf56a91d16901293e51ba5b49a27e",
        "type": "github"
      },
      "original": {
        "owner": "nix-systems",
        "repo": "default",
        "type": "github"
      }
    },
    "visual-whitespace": {
      "flake": false,
      "locked": {
        "lastModified": 1764001695,
        "narHash": "sha256-G/jmNxRTg426hROvmw1d4R3bAP09si97ZsYs3fCGWzA=",
        "owner": "mcauley-penney",
        "repo": "visual-whitespace.nvim",
        "rev": "2c2de32bb97620bcf4b3b78879c185315ee971dc",
        "type": "github"
      },
      "original": {
        "owner": "mcauley-penney",
        "repo": "visual-whitespace.nvim",
        "type": "github"
      }
    }
  },
  "root": "root",
  "version": 7
}
