{
  "nodes": {
    "nixCats": {
      "locked": {
        "lastModified": 1767604651,
        "narHash": "sha256-itAnxzTpWpY1s3LA/oNngOuZDXT5U5JUZP5fApwx9gs=",
        "owner": "BirdeeHub",
        "repo": "nixCats-nvim",
        "rev": "3c9bc4d7123e1b48d92f25ba505b889af541e897",
        "type": "github"
      },
      "original": {
        "owner": "BirdeeHub",
        "repo": "nixCats-nvim",
        "type": "github"
      }
    },
    "nixpkgs": {
      "locked": {
        "lastModified": 1768395095,
        "narHash": "sha256-ZhuYJbwbZT32QA95tSkXd9zXHcdZj90EzHpEXBMabaw=",
        "owner": "nixos",
        "repo": "nixpkgs",
        "rev": "13868c071cc73a5e9f610c47d7bb08e5da64fdd5",
        "type": "github"
      },
      "original": {
        "owner": "nixos",
        "ref": "nixpkgs-unstable",
        "repo": "nixpkgs",
        "type": "github"
      }
    },
    "root": {
      "inputs": {
        "nixCats": "nixCats",
        "nixpkgs": "nixpkgs"
      }
    }
  },
  "root": "root",
  "version": 7
}
