{
  "nodes": {
    "nixCats": {
      "locked": {
        "lastModified": 1767604542,
        "narHash": "sha256-Gfzh+dgNRxCncn3kGfSvJk4IDn/9cu6hw1zKtHtrzNQ=",
        "owner": "BirdeeHub",
        "repo": "nixCats-nvim",
        "rev": "57a3bba442f1606f6dd5406fbb8fee9900b3f61a",
        "type": "github"
      },
      "original": {
        "owner": "BirdeeHub",
        "repo": "nixCats-nvim",
        "type": "github"
      }
    },
    "nixpkgs": {
      "locked": {
        "lastModified": 1767364772,
        "narHash": "sha256-fFUnEYMla8b7UKjijLnMe+oVFOz6HjijGGNS1l7dYaQ=",
        "owner": "nixos",
        "repo": "nixpkgs",
        "rev": "16c7794d0a28b5a37904d55bcca36003b9109aaa",
        "type": "github"
      },
      "original": {
        "owner": "nixos",
        "ref": "nixpkgs-unstable",
        "repo": "nixpkgs",
        "type": "github"
      }
    },
    "root": {
      "inputs": {
        "nixCats": "nixCats",
        "nixpkgs": "nixpkgs"
      }
    }
  },
  "root": "root",
  "version": 7
}
