{
  "nodes": {
    "nixCats": {
      "locked": {
        "lastModified": 1743705454,
        "narHash": "sha256-VyHDGcq2vhRvcTLXUCIHni6pgm7rERVDRh8VxFhU1f4=",
        "owner": "BirdeeHub",
        "repo": "nixCats-nvim",
        "rev": "971e5f11b7877f60e993da73652775a351a2f373",
        "type": "github"
      },
      "original": {
        "owner": "BirdeeHub",
        "repo": "nixCats-nvim",
        "type": "github"
      }
    },
    "nixpkgs": {
      "locked": {
        "lastModified": 1743568003,
        "narHash": "sha256-ZID5T65E8ruHqWRcdvZLsczWDOAWIE7om+vQOREwiX0=",
        "owner": "nixos",
        "repo": "nixpkgs",
        "rev": "b7ba7f9f45c5cd0d8625e9e217c28f8eb6a19a76",
        "type": "github"
      },
      "original": {
        "owner": "nixos",
        "ref": "nixpkgs-unstable",
        "repo": "nixpkgs",
        "type": "github"
      }
    },
    "root": {
      "inputs": {
        "nixCats": "nixCats",
        "nixpkgs": "nixpkgs"
      }
    }
  },
  "root": "root",
  "version": 7
}
