{
  "nodes": {
    "nixCats": {
      "locked": {
        "lastModified": 1744360931,
        "narHash": "sha256-bq+R6o5YXArVUtZp9xTXLEuqbdT/Vo+GNQMDzSPdJQY=",
        "owner": "BirdeeHub",
        "repo": "nixCats-nvim",
        "rev": "977b26556a36e7f4cac2bd6db75ccbfde4e6a05f",
        "type": "github"
      },
      "original": {
        "owner": "BirdeeHub",
        "repo": "nixCats-nvim",
        "type": "github"
      }
    },
    "nixpkgs": {
      "locked": {
        "lastModified": 1744157173,
        "narHash": "sha256-bWSjxDwq7iVePrhmA7tY2dyMWHuNJo8knkO4y+q4ZkY=",
        "owner": "nixos",
        "repo": "nixpkgs",
        "rev": "6a39c6e495eefabc935d8ddf66aa45d85b85fa3f",
        "type": "github"
      },
      "original": {
        "owner": "nixos",
        "ref": "nixpkgs-unstable",
        "repo": "nixpkgs",
        "type": "github"
      }
    },
    "root": {
      "inputs": {
        "nixCats": "nixCats",
        "nixpkgs": "nixpkgs"
      }
    }
  },
  "root": "root",
  "version": 7
}
