{
  "nodes": {
    "nixCats": {
      "locked": {
        "lastModified": 1741937610,
        "narHash": "sha256-vE6CRpqUv/a5wrVXzPrwXNC+mzN2otOU1lZmeo8B9Gw=",
        "owner": "BirdeeHub",
        "repo": "nixCats-nvim",
        "rev": "5d0c69cdab26778516370f6932bcc22364386e0a",
        "type": "github"
      },
      "original": {
        "owner": "BirdeeHub",
        "repo": "nixCats-nvim",
        "type": "github"
      }
    },
    "nixpkgs": {
      "locked": {
        "lastModified": 1741865919,
        "narHash": "sha256-4thdbnP6dlbdq+qZWTsm4ffAwoS8Tiq1YResB+RP6WE=",
        "owner": "nixos",
        "repo": "nixpkgs",
        "rev": "573c650e8a14b2faa0041645ab18aed7e60f0c9a",
        "type": "github"
      },
      "original": {
        "owner": "nixos",
        "ref": "nixpkgs-unstable",
        "repo": "nixpkgs",
        "type": "github"
      }
    },
    "root": {
      "inputs": {
        "nixCats": "nixCats",
        "nixpkgs": "nixpkgs"
      }
    }
  },
  "root": "root",
  "version": 7
}
