{
  "nodes": {
    "nixCats": {
      "locked": {
        "lastModified": 1731662124,
        "narHash": "sha256-88TOs99GI/vPEHwnhxR5XjWuQY0aSqJH+8oNjVZJJCY=",
        "owner": "BirdeeHub",
        "repo": "nixCats-nvim",
        "rev": "9eaa24375226ca8d0924a43ca820be0561ab6a1f",
        "type": "github"
      },
      "original": {
        "owner": "BirdeeHub",
        "repo": "nixCats-nvim",
        "type": "github"
      }
    },
    "nixpkgs": {
      "locked": {
        "lastModified": 1731245184,
        "narHash": "sha256-vmLS8+x+gHRv1yzj3n+GTAEObwmhxmkkukB2DwtJRdU=",
        "owner": "nixos",
        "repo": "nixpkgs",
        "rev": "aebe249544837ce42588aa4b2e7972222ba12e8f",
        "type": "github"
      },
      "original": {
        "owner": "nixos",
        "ref": "nixpkgs-unstable",
        "repo": "nixpkgs",
        "type": "github"
      }
    },
    "root": {
      "inputs": {
        "nixCats": "nixCats",
        "nixpkgs": "nixpkgs"
      }
    }
  },
  "root": "root",
  "version": 7
}
