{
  "nodes": {
    "nixCats": {
      "locked": {
        "lastModified": 1742124230,
        "narHash": "sha256-jrRa54JiOfGoRjPtppaisCe/hDNhyPTLq6j0I88wMtw=",
        "owner": "BirdeeHub",
        "repo": "nixCats-nvim",
        "rev": "32fbe1471e58b9bc3f98e34aee422fc04bb0d624",
        "type": "github"
      },
      "original": {
        "owner": "BirdeeHub",
        "repo": "nixCats-nvim",
        "type": "github"
      }
    },
    "nixpkgs": {
      "locked": {
        "lastModified": 1741865919,
        "narHash": "sha256-4thdbnP6dlbdq+qZWTsm4ffAwoS8Tiq1YResB+RP6WE=",
        "owner": "nixos",
        "repo": "nixpkgs",
        "rev": "573c650e8a14b2faa0041645ab18aed7e60f0c9a",
        "type": "github"
      },
      "original": {
        "owner": "nixos",
        "ref": "nixpkgs-unstable",
        "repo": "nixpkgs",
        "type": "github"
      }
    },
    "root": {
      "inputs": {
        "nixCats": "nixCats",
        "nixpkgs": "nixpkgs"
      }
    }
  },
  "root": "root",
  "version": 7
}
