{
  "nodes": {
    "nixCats": {
      "locked": {
        "lastModified": 1744447714,
        "narHash": "sha256-fJ1SXE/9q7qh1/Xiu3x4dYApw4h8z8Hf/Bsj+g5EMHQ=",
        "owner": "BirdeeHub",
        "repo": "nixCats-nvim",
        "rev": "ff4e8222f6648541565f2c814f3624eaaa185fc2",
        "type": "github"
      },
      "original": {
        "owner": "BirdeeHub",
        "repo": "nixCats-nvim",
        "type": "github"
      }
    },
    "nixpkgs": {
      "locked": {
        "lastModified": 1744473229,
        "narHash": "sha256-rGXvIsD/Hn+bJRFb7hqSx7UUZUIlxXs0fM6ix5+iT5w=",
        "owner": "nixos",
        "repo": "nixpkgs",
        "rev": "52d0eded529af34e91df6b2a2bc32eb636637cd2",
        "type": "github"
      },
      "original": {
        "owner": "nixos",
        "ref": "nixpkgs-unstable",
        "repo": "nixpkgs",
        "type": "github"
      }
    },
    "root": {
      "inputs": {
        "nixCats": "nixCats",
        "nixpkgs": "nixpkgs"
      }
    }
  },
  "root": "root",
  "version": 7
}
